// !$*UTF8*$!
{
	archiveVersion = 1;
	classes = {
	};
	objectVersion = 56;
	objects = {

/* Begin PBXBuildFile section */
		443A375C2959081F00654584 /* GeoTrackerContainer.swift in Sources */ = {isa = PBXBuildFile; fileRef = 443A375B2959081F00654584 /* GeoTrackerContainer.swift */; };
		443E91292957219600DD9860 /* GeoPhotoApp.swift in Sources */ = {isa = PBXBuildFile; fileRef = 443E91282957219600DD9860 /* GeoPhotoApp.swift */; };
		443E912D2957219800DD9860 /* Assets.xcassets in Resources */ = {isa = PBXBuildFile; fileRef = 443E912C2957219800DD9860 /* Assets.xcassets */; };
		443E91302957219800DD9860 /* Preview Assets.xcassets in Resources */ = {isa = PBXBuildFile; fileRef = 443E912F2957219800DD9860 /* Preview Assets.xcassets */; };
		443E9147295721B600DD9860 /* GeoTrackerDataFlow.swift in Sources */ = {isa = PBXBuildFile; fileRef = 443E9138295721B600DD9860 /* GeoTrackerDataFlow.swift */; };
		443E9149295721B600DD9860 /* GeoTrackerPresenter.swift in Sources */ = {isa = PBXBuildFile; fileRef = 443E913B295721B600DD9860 /* GeoTrackerPresenter.swift */; };
		443E914A295721B600DD9860 /* GeoTrackerViewModel.swift in Sources */ = {isa = PBXBuildFile; fileRef = 443E913D295721B600DD9860 /* GeoTrackerViewModel.swift */; };
		443E914B295721B600DD9860 /* GeoTrackerView.swift in Sources */ = {isa = PBXBuildFile; fileRef = 443E913E295721B600DD9860 /* GeoTrackerView.swift */; };
		443E914C295721B600DD9860 /* GeoTrackerBuilder.swift in Sources */ = {isa = PBXBuildFile; fileRef = 443E9140295721B600DD9860 /* GeoTrackerBuilder.swift */; };
		443E914D295721B600DD9860 /* GeoTrackerInteractor.swift in Sources */ = {isa = PBXBuildFile; fileRef = 443E9142295721B600DD9860 /* GeoTrackerInteractor.swift */; };
		443E914E295721B600DD9860 /* PhotoSearchService.swift in Sources */ = {isa = PBXBuildFile; fileRef = 443E9143295721B600DD9860 /* PhotoSearchService.swift */; };
		443E914F295721B600DD9860 /* FlickrAPI.swift in Sources */ = {isa = PBXBuildFile; fileRef = 443E9144295721B600DD9860 /* FlickrAPI.swift */; };
		443E9151295721B600DD9860 /* LocationManager.swift in Sources */ = {isa = PBXBuildFile; fileRef = 443E9146295721B600DD9860 /* LocationManager.swift */; };
		B54E39802983116C0029F2F4 /* ImageStore.swift in Sources */ = {isa = PBXBuildFile; fileRef = B54E397F2983116C0029F2F4 /* ImageStore.swift */; };
/* End PBXBuildFile section */

/* Begin PBXFileReference section */
		443A375B2959081F00654584 /* GeoTrackerContainer.swift */ = {isa = PBXFileReference; lastKnownFileType = sourcecode.swift; path = GeoTrackerContainer.swift; sourceTree = "<group>"; };
		443E91252957219600DD9860 /* GeoPhoto.app */ = {isa = PBXFileReference; explicitFileType = wrapper.application; includeInIndex = 0; path = GeoPhoto.app; sourceTree = BUILT_PRODUCTS_DIR; };
		443E91282957219600DD9860 /* GeoPhotoApp.swift */ = {isa = PBXFileReference; lastKnownFileType = sourcecode.swift; path = GeoPhotoApp.swift; sourceTree = "<group>"; };
		443E912C2957219800DD9860 /* Assets.xcassets */ = {isa = PBXFileReference; lastKnownFileType = folder.assetcatalog; path = Assets.xcassets; sourceTree = "<group>"; };
		443E912F2957219800DD9860 /* Preview Assets.xcassets */ = {isa = PBXFileReference; lastKnownFileType = folder.assetcatalog; path = "Preview Assets.xcassets"; sourceTree = "<group>"; };
		443E9138295721B600DD9860 /* GeoTrackerDataFlow.swift */ = {isa = PBXFileReference; fileEncoding = 4; lastKnownFileType = sourcecode.swift; path = GeoTrackerDataFlow.swift; sourceTree = "<group>"; };
		443E913B295721B600DD9860 /* GeoTrackerPresenter.swift */ = {isa = PBXFileReference; fileEncoding = 4; lastKnownFileType = sourcecode.swift; path = GeoTrackerPresenter.swift; sourceTree = "<group>"; };
		443E913D295721B600DD9860 /* GeoTrackerViewModel.swift */ = {isa = PBXFileReference; fileEncoding = 4; lastKnownFileType = sourcecode.swift; path = GeoTrackerViewModel.swift; sourceTree = "<group>"; };
		443E913E295721B600DD9860 /* GeoTrackerView.swift */ = {isa = PBXFileReference; fileEncoding = 4; lastKnownFileType = sourcecode.swift; path = GeoTrackerView.swift; sourceTree = "<group>"; };
		443E9140295721B600DD9860 /* GeoTrackerBuilder.swift */ = {isa = PBXFileReference; fileEncoding = 4; lastKnownFileType = sourcecode.swift; path = GeoTrackerBuilder.swift; sourceTree = "<group>"; };
		443E9142295721B600DD9860 /* GeoTrackerInteractor.swift */ = {isa = PBXFileReference; fileEncoding = 4; lastKnownFileType = sourcecode.swift; path = GeoTrackerInteractor.swift; sourceTree = "<group>"; };
		443E9143295721B600DD9860 /* PhotoSearchService.swift */ = {isa = PBXFileReference; fileEncoding = 4; lastKnownFileType = sourcecode.swift; path = PhotoSearchService.swift; sourceTree = "<group>"; };
		443E9144295721B600DD9860 /* FlickrAPI.swift */ = {isa = PBXFileReference; fileEncoding = 4; lastKnownFileType = sourcecode.swift; path = FlickrAPI.swift; sourceTree = "<group>"; };
		443E9146295721B600DD9860 /* LocationManager.swift */ = {isa = PBXFileReference; fileEncoding = 4; lastKnownFileType = sourcecode.swift; path = LocationManager.swift; sourceTree = "<group>"; };
		443E91522957235100DD9860 /* Info.plist */ = {isa = PBXFileReference; lastKnownFileType = text.plist; path = Info.plist; sourceTree = "<group>"; };
		B54E397F2983116C0029F2F4 /* ImageStore.swift */ = {isa = PBXFileReference; lastKnownFileType = sourcecode.swift; path = ImageStore.swift; sourceTree = "<group>"; };
/* End PBXFileReference section */

/* Begin PBXFrameworksBuildPhase section */
		443E91222957219600DD9860 /* Frameworks */ = {
			isa = PBXFrameworksBuildPhase;
			buildActionMask = 2147483647;
			files = (
			);
			runOnlyForDeploymentPostprocessing = 0;
		};
/* End PBXFrameworksBuildPhase section */

/* Begin PBXGroup section */
		443E911C2957219600DD9860 = {
			isa = PBXGroup;
			children = (
				443E91272957219600DD9860 /* GeoPhoto */,
				443E91262957219600DD9860 /* Products */,
			);
			sourceTree = "<group>";
		};
		443E91262957219600DD9860 /* Products */ = {
			isa = PBXGroup;
			children = (
				443E91252957219600DD9860 /* GeoPhoto.app */,
			);
			name = Products;
			sourceTree = "<group>";
		};
		443E91272957219600DD9860 /* GeoPhoto */ = {
			isa = PBXGroup;
			children = (
				443E91522957235100DD9860 /* Info.plist */,
				443E9136295721B600DD9860 /* GeoTracker */,
				443E91282957219600DD9860 /* GeoPhotoApp.swift */,
				443E912C2957219800DD9860 /* Assets.xcassets */,
				443E912E2957219800DD9860 /* Preview Content */,
			);
			path = GeoPhoto;
			sourceTree = "<group>";
		};
		443E912E2957219800DD9860 /* Preview Content */ = {
			isa = PBXGroup;
			children = (
				443E912F2957219800DD9860 /* Preview Assets.xcassets */,
			);
			path = "Preview Content";
			sourceTree = "<group>";
		};
		443E9136295721B600DD9860 /* GeoTracker */ = {
			isa = PBXGroup;
			children = (
				443E9137295721B600DD9860 /* DataFlow */,
				443E9139295721B600DD9860 /* Presenter */,
				443E913C295721B600DD9860 /* View */,
				443E913F295721B600DD9860 /* Builder */,
				443E9141295721B600DD9860 /* Interactor */,
			);
			path = GeoTracker;
			sourceTree = "<group>";
		};
		443E9137295721B600DD9860 /* DataFlow */ = {
			isa = PBXGroup;
			children = (
				443E9138295721B600DD9860 /* GeoTrackerDataFlow.swift */,
			);
			path = DataFlow;
			sourceTree = "<group>";
		};
		443E9139295721B600DD9860 /* Presenter */ = {
			isa = PBXGroup;
			children = (
				443E913B295721B600DD9860 /* GeoTrackerPresenter.swift */,
			);
			path = Presenter;
			sourceTree = "<group>";
		};
		443E913C295721B600DD9860 /* View */ = {
			isa = PBXGroup;
			children = (
				443E913D295721B600DD9860 /* GeoTrackerViewModel.swift */,
				443E913E295721B600DD9860 /* GeoTrackerView.swift */,
			);
			path = View;
			sourceTree = "<group>";
		};
		443E913F295721B600DD9860 /* Builder */ = {
			isa = PBXGroup;
			children = (
				443E9140295721B600DD9860 /* GeoTrackerBuilder.swift */,
				443A375B2959081F00654584 /* GeoTrackerContainer.swift */,
			);
			path = Builder;
			sourceTree = "<group>";
		};
		443E9141295721B600DD9860 /* Interactor */ = {
			isa = PBXGroup;
			children = (
				443E9142295721B600DD9860 /* GeoTrackerInteractor.swift */,
				443E915529573F7900DD9860 /* Services */,
			);
			path = Interactor;
			sourceTree = "<group>";
		};
		443E915529573F7900DD9860 /* Services */ = {
			isa = PBXGroup;
			children = (
				B54E397F2983116C0029F2F4 /* ImageStore.swift */,
				443E9143295721B600DD9860 /* PhotoSearchService.swift */,
				443E9144295721B600DD9860 /* FlickrAPI.swift */,
				443E9146295721B600DD9860 /* LocationManager.swift */,
			);
			path = Services;
			sourceTree = "<group>";
		};
/* End PBXGroup section */

/* Begin PBXNativeTarget section */
		443E91242957219600DD9860 /* GeoPhoto */ = {
			isa = PBXNativeTarget;
			buildConfigurationList = 443E91332957219800DD9860 /* Build configuration list for PBXNativeTarget "GeoPhoto" */;
			buildPhases = (
				443E91212957219600DD9860 /* Sources */,
				443E91222957219600DD9860 /* Frameworks */,
				443E91232957219600DD9860 /* Resources */,
			);
			buildRules = (
			);
			dependencies = (
			);
			name = GeoPhoto;
			productName = GeoPhoto;
			productReference = 443E91252957219600DD9860 /* GeoPhoto.app */;
			productType = "com.apple.product-type.application";
		};
/* End PBXNativeTarget section */

/* Begin PBXProject section */
		443E911D2957219600DD9860 /* Project object */ = {
			isa = PBXProject;
			attributes = {
				BuildIndependentTargetsInParallel = 1;
				LastSwiftUpdateCheck = 1420;
				LastUpgradeCheck = 1420;
				TargetAttributes = {
					443E91242957219600DD9860 = {
						CreatedOnToolsVersion = 14.2;
					};
				};
			};
			buildConfigurationList = 443E91202957219600DD9860 /* Build configuration list for PBXProject "GeoPhoto" */;
			compatibilityVersion = "Xcode 14.0";
			developmentRegion = en;
			hasScannedForEncodings = 0;
			knownRegions = (
				en,
				Base,
			);
			mainGroup = 443E911C2957219600DD9860;
			productRefGroup = 443E91262957219600DD9860 /* Products */;
			projectDirPath = "";
			projectRoot = "";
			targets = (
				443E91242957219600DD9860 /* GeoPhoto */,
			);
		};
/* End PBXProject section */

/* Begin PBXResourcesBuildPhase section */
		443E91232957219600DD9860 /* Resources */ = {
			isa = PBXResourcesBuildPhase;
			buildActionMask = 2147483647;
			files = (
				443E91302957219800DD9860 /* Preview Assets.xcassets in Resources */,
				443E912D2957219800DD9860 /* Assets.xcassets in Resources */,
			);
			runOnlyForDeploymentPostprocessing = 0;
		};
/* End PBXResourcesBuildPhase section */

/* Begin PBXSourcesBuildPhase section */
		443E91212957219600DD9860 /* Sources */ = {
			isa = PBXSourcesBuildPhase;
			buildActionMask = 2147483647;
			files = (
				443E914C295721B600DD9860 /* GeoTrackerBuilder.swift in Sources */,
				443E914A295721B600DD9860 /* GeoTrackerViewModel.swift in Sources */,
				443E9149295721B600DD9860 /* GeoTrackerPresenter.swift in Sources */,
				443E914F295721B600DD9860 /* FlickrAPI.swift in Sources */,
				443E91292957219600DD9860 /* GeoPhotoApp.swift in Sources */,
				443E914D295721B600DD9860 /* GeoTrackerInteractor.swift in Sources */,
				443E914E295721B600DD9860 /* PhotoSearchService.swift in Sources */,
				443E9147295721B600DD9860 /* GeoTrackerDataFlow.swift in Sources */,
				443E914B295721B600DD9860 /* GeoTrackerView.swift in Sources */,
				443E9151295721B600DD9860 /* LocationManager.swift in Sources */,
				443A375C2959081F00654584 /* GeoTrackerContainer.swift in Sources */,
				B54E39802983116C0029F2F4 /* ImageStore.swift in Sources */,
			);
			runOnlyForDeploymentPostprocessing = 0;
		};
/* End PBXSourcesBuildPhase section */

/* Begin XCBuildConfiguration section */
		443E91312957219800DD9860 /* Debug */ = {
			isa = XCBuildConfiguration;
			buildSettings = {
				ALWAYS_SEARCH_USER_PATHS = NO;
				CLANG_ANALYZER_NONNULL = YES;
				CLANG_ANALYZER_NUMBER_OBJECT_CONVERSION = YES_AGGRESSIVE;
				CLANG_CXX_LANGUAGE_STANDARD = "gnu++20";
				CLANG_ENABLE_MODULES = YES;
				CLANG_ENABLE_OBJC_ARC = YES;
				CLANG_ENABLE_OBJC_WEAK = YES;
				CLANG_WARN_BLOCK_CAPTURE_AUTORELEASING = YES;
				CLANG_WARN_BOOL_CONVERSION = YES;
				CLANG_WARN_COMMA = YES;
				CLANG_WARN_CONSTANT_CONVERSION = YES;
				CLANG_WARN_DEPRECATED_OBJC_IMPLEMENTATIONS = YES;
				CLANG_WARN_DIRECT_OBJC_ISA_USAGE = YES_ERROR;
				CLANG_WARN_DOCUMENTATION_COMMENTS = YES;
				CLANG_WARN_EMPTY_BODY = YES;
				CLANG_WARN_ENUM_CONVERSION = YES;
				CLANG_WARN_INFINITE_RECURSION = YES;
				CLANG_WARN_INT_CONVERSION = YES;
				CLANG_WARN_NON_LITERAL_NULL_CONVERSION = YES;
				CLANG_WARN_OBJC_IMPLICIT_RETAIN_SELF = YES;
				CLANG_WARN_OBJC_LITERAL_CONVERSION = YES;
				CLANG_WARN_OBJC_ROOT_CLASS = YES_ERROR;
				CLANG_WARN_QUOTED_INCLUDE_IN_FRAMEWORK_HEADER = YES;
				CLANG_WARN_RANGE_LOOP_ANALYSIS = YES;
				CLANG_WARN_STRICT_PROTOTYPES = YES;
				CLANG_WARN_SUSPICIOUS_MOVE = YES;
				CLANG_WARN_UNGUARDED_AVAILABILITY = YES_AGGRESSIVE;
				CLANG_WARN_UNREACHABLE_CODE = YES;
				CLANG_WARN__DUPLICATE_METHOD_MATCH = YES;
				COPY_PHASE_STRIP = NO;
				DEBUG_INFORMATION_FORMAT = dwarf;
				ENABLE_STRICT_OBJC_MSGSEND = YES;
				ENABLE_TESTABILITY = YES;
				GCC_C_LANGUAGE_STANDARD = gnu11;
				GCC_DYNAMIC_NO_PIC = NO;
				GCC_NO_COMMON_BLOCKS = YES;
				GCC_OPTIMIZATION_LEVEL = 0;
				GCC_PREPROCESSOR_DEFINITIONS = (
					"DEBUG=1",
					"$(inherited)",
				);
				GCC_WARN_64_TO_32_BIT_CONVERSION = YES;
				GCC_WARN_ABOUT_RETURN_TYPE = YES_ERROR;
				GCC_WARN_UNDECLARED_SELECTOR = YES;
				GCC_WARN_UNINITIALIZED_AUTOS = YES_AGGRESSIVE;
				GCC_WARN_UNUSED_FUNCTION = YES;
				GCC_WARN_UNUSED_VARIABLE = YES;
				IPHONEOS_DEPLOYMENT_TARGET = 16.2;
				MTL_ENABLE_DEBUG_INFO = INCLUDE_SOURCE;
				MTL_FAST_MATH = YES;
				ONLY_ACTIVE_ARCH = YES;
				SDKROOT = iphoneos;
				SWIFT_ACTIVE_COMPILATION_CONDITIONS = DEBUG;
				SWIFT_OPTIMIZATION_LEVEL = "-Onone";
			};
			name = Debug;
		};
		443E91322957219800DD9860 /* Release */ = {
			isa = XCBuildConfiguration;
			buildSettings = {
				ALWAYS_SEARCH_USER_PATHS = NO;
				CLANG_ANALYZER_NONNULL = YES;
				CLANG_ANALYZER_NUMBER_OBJECT_CONVERSION = YES_AGGRESSIVE;
				CLANG_CXX_LANGUAGE_STANDARD = "gnu++20";
				CLANG_ENABLE_MODULES = YES;
				CLANG_ENABLE_OBJC_ARC = YES;
				CLANG_ENABLE_OBJC_WEAK = YES;
				CLANG_WARN_BLOCK_CAPTURE_AUTORELEASING = YES;
				CLANG_WARN_BOOL_CONVERSION = YES;
				CLANG_WARN_COMMA = YES;
				CLANG_WARN_CONSTANT_CONVERSION = YES;
				CLANG_WARN_DEPRECATED_OBJC_IMPLEMENTATIONS = YES;
				CLANG_WARN_DIRECT_OBJC_ISA_USAGE = YES_ERROR;
				CLANG_WARN_DOCUMENTATION_COMMENTS = YES;
				CLANG_WARN_EMPTY_BODY = YES;
				CLANG_WARN_ENUM_CONVERSION = YES;
				CLANG_WARN_INFINITE_RECURSION = YES;
				CLANG_WARN_INT_CONVERSION = YES;
				CLANG_WARN_NON_LITERAL_NULL_CONVERSION = YES;
				CLANG_WARN_OBJC_IMPLICIT_RETAIN_SELF = YES;
				CLANG_WARN_OBJC_LITERAL_CONVERSION = YES;
				CLANG_WARN_OBJC_ROOT_CLASS = YES_ERROR;
				CLANG_WARN_QUOTED_INCLUDE_IN_FRAMEWORK_HEADER = YES;
				CLANG_WARN_RANGE_LOOP_ANALYSIS = YES;
				CLANG_WARN_STRICT_PROTOTYPES = YES;
				CLANG_WARN_SUSPICIOUS_MOVE = YES;
				CLANG_WARN_UNGUARDED_AVAILABILITY = YES_AGGRESSIVE;
				CLANG_WARN_UNREACHABLE_CODE = YES;
				CLANG_WARN__DUPLICATE_METHOD_MATCH = YES;
				COPY_PHASE_STRIP = NO;
				DEBUG_INFORMATION_FORMAT = "dwarf-with-dsym";
				ENABLE_NS_ASSERTIONS = NO;
				ENABLE_STRICT_OBJC_MSGSEND = YES;
				GCC_C_LANGUAGE_STANDARD = gnu11;
				GCC_NO_COMMON_BLOCKS = YES;
				GCC_WARN_64_TO_32_BIT_CONVERSION = YES;
				GCC_WARN_ABOUT_RETURN_TYPE = YES_ERROR;
				GCC_WARN_UNDECLARED_SELECTOR = YES;
				GCC_WARN_UNINITIALIZED_AUTOS = YES_AGGRESSIVE;
				GCC_WARN_UNUSED_FUNCTION = YES;
				GCC_WARN_UNUSED_VARIABLE = YES;
				IPHONEOS_DEPLOYMENT_TARGET = 16.2;
				MTL_ENABLE_DEBUG_INFO = NO;
				MTL_FAST_MATH = YES;
				SDKROOT = iphoneos;
				SWIFT_COMPILATION_MODE = wholemodule;
				SWIFT_OPTIMIZATION_LEVEL = "-O";
				VALIDATE_PRODUCT = YES;
			};
			name = Release;
		};
		443E91342957219800DD9860 /* Debug */ = {
			isa = XCBuildConfiguration;
			buildSettings = {
				ASSETCATALOG_COMPILER_APPICON_NAME = AppIcon;
				ASSETCATALOG_COMPILER_GLOBAL_ACCENT_COLOR_NAME = AccentColor;
				CODE_SIGN_STYLE = Automatic;
				CURRENT_PROJECT_VERSION = 1;
				DEVELOPMENT_ASSET_PATHS = "\"GeoPhoto/Preview Content\"";
				DEVELOPMENT_TEAM = 2GG8WA65HK;
				ENABLE_PREVIEWS = YES;
				GENERATE_INFOPLIST_FILE = YES;
				INFOPLIST_FILE = GeoPhoto/Info.plist;
				INFOPLIST_KEY_NSLocationAlwaysAndWhenInUseUsageDescription = "Provide access to track your geo trails";
				INFOPLIST_KEY_NSLocationWhenInUseUsageDescription = "Provide access to track your geo trails";
				INFOPLIST_KEY_UIApplicationSupportsIndirectInputEvents = YES;
				INFOPLIST_KEY_UILaunchScreen_Generation = YES;
				INFOPLIST_KEY_UISupportedInterfaceOrientations = UIInterfaceOrientationPortrait;
				INFOPLIST_KEY_UISupportedInterfaceOrientations_iPad = "UIInterfaceOrientationLandscapeLeft UIInterfaceOrientationLandscapeRight UIInterfaceOrientationPortrait UIInterfaceOrientationPortraitUpsideDown";
				LD_RUNPATH_SEARCH_PATHS = (
					"$(inherited)",
					"@executable_path/Frameworks",
				);
				MARKETING_VERSION = 1.0;
				PRODUCT_BUNDLE_IDENTIFIER = ktrekhperstov.GeoPhotoBundle;
				PRODUCT_NAME = "$(TARGET_NAME)";
				SUPPORTED_PLATFORMS = "iphoneos iphonesimulator";
				SUPPORTS_MACCATALYST = NO;
				SUPPORTS_MAC_DESIGNED_FOR_IPHONE_IPAD = NO;
				SWIFT_EMIT_LOC_STRINGS = YES;
				SWIFT_VERSION = 5.0;
				TARGETED_DEVICE_FAMILY = 1;
			};
			name = Debug;
		};
		443E91352957219800DD9860 /* Release */ = {
			isa = XCBuildConfiguration;
			buildSettings = {
				ASSETCATALOG_COMPILER_APPICON_NAME = AppIcon;
				ASSETCATALOG_COMPILER_GLOBAL_ACCENT_COLOR_NAME = AccentColor;
				CODE_SIGN_STYLE = Automatic;
				CURRENT_PROJECT_VERSION = 1;
				DEVELOPMENT_ASSET_PATHS = "\"GeoPhoto/Preview Content\"";
				DEVELOPMENT_TEAM = 2GG8WA65HK;
				ENABLE_PREVIEWS = YES;
				GENERATE_INFOPLIST_FILE = YES;
				INFOPLIST_FILE = GeoPhoto/Info.plist;
				INFOPLIST_KEY_NSLocationAlwaysAndWhenInUseUsageDescription = "Provide access to track your geo trails";
				INFOPLIST_KEY_NSLocationWhenInUseUsageDescription = "Provide access to track your geo trails";
				INFOPLIST_KEY_UIApplicationSupportsIndirectInputEvents = YES;
				INFOPLIST_KEY_UILaunchScreen_Generation = YES;
				INFOPLIST_KEY_UISupportedInterfaceOrientations = UIInterfaceOrientationPortrait;
				INFOPLIST_KEY_UISupportedInterfaceOrientations_iPad = "UIInterfaceOrientationLandscapeLeft UIInterfaceOrientationLandscapeRight UIInterfaceOrientationPortrait UIInterfaceOrientationPortraitUpsideDown";
				LD_RUNPATH_SEARCH_PATHS = (
					"$(inherited)",
					"@executable_path/Frameworks",
				);
				MARKETING_VERSION = 1.0;
				PRODUCT_BUNDLE_IDENTIFIER = ktrekhperstov.GeoPhotoBundle;
				PRODUCT_NAME = "$(TARGET_NAME)";
				SUPPORTED_PLATFORMS = "iphoneos iphonesimulator";
				SUPPORTS_MACCATALYST = NO;
				SUPPORTS_MAC_DESIGNED_FOR_IPHONE_IPAD = NO;
				SWIFT_EMIT_LOC_STRINGS = YES;
				SWIFT_VERSION = 5.0;
				TARGETED_DEVICE_FAMILY = 1;
			};
			name = Release;
		};
/* End XCBuildConfiguration section */

/* Begin XCConfigurationList section */
		443E91202957219600DD9860 /* Build configuration list for PBXProject "GeoPhoto" */ = {
			isa = XCConfigurationList;
			buildConfigurations = (
				443E91312957219800DD9860 /* Debug */,
				443E91322957219800DD9860 /* Release */,
			);
			defaultConfigurationIsVisible = 0;
			defaultConfigurationName = Release;
		};
		443E91332957219800DD9860 /* Build configuration list for PBXNativeTarget "GeoPhoto" */ = {
			isa = XCConfigurationList;
			buildConfigurations = (
				443E91342957219800DD9860 /* Debug */,
				443E91352957219800DD9860 /* Release */,
			);
			defaultConfigurationIsVisible = 0;
			defaultConfigurationName = Release;
		};
/* End XCConfigurationList section */
	};
	rootObject = 443E911D2957219600DD9860 /* Project object */;
}
